// !$*UTF8*$!
{
	archiveVersion = 1;
	classes = {
	};
	objectVersion = 50;
	objects = {

/* Begin PBXBuildFile section */
		4254116E213A484F00925428 /* AppDelegate.swift in Sources */ = {isa = PBXBuildFile; fileRef = 4254116D213A484F00925428 /* AppDelegate.swift */; };
		42541171213A485700925428 /* Assets.xcassets in Resources */ = {isa = PBXBuildFile; fileRef = 42541170213A485600925428 /* Assets.xcassets */; };
		4254117C213A486000925428 /* LaunchScreen.storyboard in Resources */ = {isa = PBXBuildFile; fileRef = 42541175213A486000925428 /* LaunchScreen.storyboard */; };
		4254117D213A486000925428 /* Main.storyboard in Resources */ = {isa = PBXBuildFile; fileRef = 42541177213A486000925428 /* Main.storyboard */; };
		4254117E213A486000925428 /* Info.plist in Resources */ = {isa = PBXBuildFile; fileRef = 42541179213A486000925428 /* Info.plist */; };
		4254117F213A486000925428 /* PointsViewController.swift in Sources */ = {isa = PBXBuildFile; fileRef = 4254117B213A486000925428 /* PointsViewController.swift */; };
		42F39E1C213F209700B8024E /* DataPointsService.swift in Sources */ = {isa = PBXBuildFile; fileRef = 42F39E1B213F209700B8024E /* DataPointsService.swift */; };
		42F39E1E213F218600B8024E /* Constants.swift in Sources */ = {isa = PBXBuildFile; fileRef = 42F39E1D213F218600B8024E /* Constants.swift */; };
		42F39E20213F255300B8024E /* DataPointsResponse.swift in Sources */ = {isa = PBXBuildFile; fileRef = 42F39E1F213F255300B8024E /* DataPointsResponse.swift */; };
		42F39E23213F2C7000B8024E /* Points.swift in Sources */ = {isa = PBXBuildFile; fileRef = 42F39E22213F2C7000B8024E /* Points.swift */; };
		42F39E27213F38A600B8024E /* wrongAttributes.json in Resources */ = {isa = PBXBuildFile; fileRef = 42F39E24213F38A600B8024E /* wrongAttributes.json */; };
		42F39E28213F38A600B8024E /* fewPoints.json in Resources */ = {isa = PBXBuildFile; fileRef = 42F39E25213F38A600B8024E /* fewPoints.json */; };
		42F39E29213F38A600B8024E /* genericFailure.json in Resources */ = {isa = PBXBuildFile; fileRef = 42F39E26213F38A600B8024E /* genericFailure.json */; };
		42F39E2B213F589300B8024E /* MockViewController.swift in Sources */ = {isa = PBXBuildFile; fileRef = 42F39E2A213F589300B8024E /* MockViewController.swift */; };
		42F39E2D213F58EA00B8024E /* TestCase.swift in Sources */ = {isa = PBXBuildFile; fileRef = 42F39E2C213F58EA00B8024E /* TestCase.swift */; };
		42F39E2F213F5C5600B8024E /* manyPoints.json in Resources */ = {isa = PBXBuildFile; fileRef = 42F39E2E213F5C5600B8024E /* manyPoints.json */; };
		42F39E35213F614500B8024E /* ButtonTableCell.swift in Sources */ = {isa = PBXBuildFile; fileRef = 42F39E34213F614500B8024E /* ButtonTableCell.swift */; };
		42F39E37213F614C00B8024E /* ButtonTableCell.xib in Resources */ = {isa = PBXBuildFile; fileRef = 42F39E36213F614C00B8024E /* ButtonTableCell.xib */; };
		42F39E39213F615400B8024E /* TextFieldTableCell.swift in Sources */ = {isa = PBXBuildFile; fileRef = 42F39E38213F615400B8024E /* TextFieldTableCell.swift */; };
		42F39E3B213F615A00B8024E /* TextFieldTableCell.xib in Resources */ = {isa = PBXBuildFile; fileRef = 42F39E3A213F615A00B8024E /* TextFieldTableCell.xib */; };
		42F39E3E213F62B700B8024E /* UITableViewCell+Create.swift in Sources */ = {isa = PBXBuildFile; fileRef = 42F39E3D213F62B700B8024E /* UITableViewCell+Create.swift */; };
		42F39E46213F674A00B8024E /* ChartView.swift in Sources */ = {isa = PBXBuildFile; fileRef = 42F39E40213F674A00B8024E /* ChartView.swift */; };
		42F39E47213F674A00B8024E /* BezierCurveView.swift in Sources */ = {isa = PBXBuildFile; fileRef = 42F39E41213F674A00B8024E /* BezierCurveView.swift */; };
		42F39E4B213F674A00B8024E /* GridView.swift in Sources */ = {isa = PBXBuildFile; fileRef = 42F39E45213F674A00B8024E /* GridView.swift */; };
		42F39E4E213FBA2000B8024E /* Errors.swift in Sources */ = {isa = PBXBuildFile; fileRef = 42F39E4D213FBA2000B8024E /* Errors.swift */; };
/* End PBXBuildFile section */

/* Begin PBXFileReference section */
		42541149213A468400925428 /* FCCTestApplication.app */ = {isa = PBXFileReference; explicitFileType = wrapper.application; includeInIndex = 0; path = FCCTestApplication.app; sourceTree = BUILT_PRODUCTS_DIR; };
		4254116D213A484F00925428 /* AppDelegate.swift */ = {isa = PBXFileReference; fileEncoding = 4; lastKnownFileType = sourcecode.swift; path = AppDelegate.swift; sourceTree = "<group>"; };
		42541170213A485600925428 /* Assets.xcassets */ = {isa = PBXFileReference; lastKnownFileType = folder.assetcatalog; path = Assets.xcassets; sourceTree = "<group>"; };
		42541176213A486000925428 /* Base */ = {isa = PBXFileReference; lastKnownFileType = file.storyboard; name = Base; path = Base.lproj/LaunchScreen.storyboard; sourceTree = "<group>"; };
		42541178213A486000925428 /* Base */ = {isa = PBXFileReference; lastKnownFileType = file.storyboard; name = Base; path = Base.lproj/Main.storyboard; sourceTree = "<group>"; };
		42541179213A486000925428 /* Info.plist */ = {isa = PBXFileReference; fileEncoding = 4; lastKnownFileType = text.plist.xml; path = Info.plist; sourceTree = "<group>"; };
		4254117B213A486000925428 /* PointsViewController.swift */ = {isa = PBXFileReference; fileEncoding = 4; lastKnownFileType = sourcecode.swift; path = PointsViewController.swift; sourceTree = "<group>"; };
		42F39E1B213F209700B8024E /* DataPointsService.swift */ = {isa = PBXFileReference; lastKnownFileType = sourcecode.swift; path = DataPointsService.swift; sourceTree = "<group>"; };
		42F39E1D213F218600B8024E /* Constants.swift */ = {isa = PBXFileReference; lastKnownFileType = sourcecode.swift; path = Constants.swift; sourceTree = "<group>"; };
		42F39E1F213F255300B8024E /* DataPointsResponse.swift */ = {isa = PBXFileReference; lastKnownFileType = sourcecode.swift; path = DataPointsResponse.swift; sourceTree = "<group>"; };
		42F39E22213F2C7000B8024E /* Points.swift */ = {isa = PBXFileReference; lastKnownFileType = sourcecode.swift; path = Points.swift; sourceTree = "<group>"; };
		42F39E24213F38A600B8024E /* wrongAttributes.json */ = {isa = PBXFileReference; fileEncoding = 4; lastKnownFileType = text.json; path = wrongAttributes.json; sourceTree = "<group>"; };
		42F39E25213F38A600B8024E /* fewPoints.json */ = {isa = PBXFileReference; fileEncoding = 4; lastKnownFileType = text.json; path = fewPoints.json; sourceTree = "<group>"; };
		42F39E26213F38A600B8024E /* genericFailure.json */ = {isa = PBXFileReference; fileEncoding = 4; lastKnownFileType = text.json; path = genericFailure.json; sourceTree = "<group>"; };
		42F39E2A213F589300B8024E /* MockViewController.swift */ = {isa = PBXFileReference; lastKnownFileType = sourcecode.swift; path = MockViewController.swift; sourceTree = "<group>"; };
		42F39E2C213F58EA00B8024E /* TestCase.swift */ = {isa = PBXFileReference; lastKnownFileType = sourcecode.swift; path = TestCase.swift; sourceTree = "<group>"; };
		42F39E2E213F5C5600B8024E /* manyPoints.json */ = {isa = PBXFileReference; fileEncoding = 4; lastKnownFileType = text.json; path = manyPoints.json; sourceTree = "<group>"; };
		42F39E34213F614500B8024E /* ButtonTableCell.swift */ = {isa = PBXFileReference; lastKnownFileType = sourcecode.swift; path = ButtonTableCell.swift; sourceTree = "<group>"; };
		42F39E36213F614C00B8024E /* ButtonTableCell.xib */ = {isa = PBXFileReference; lastKnownFileType = file.xib; path = ButtonTableCell.xib; sourceTree = "<group>"; };
		42F39E38213F615400B8024E /* TextFieldTableCell.swift */ = {isa = PBXFileReference; lastKnownFileType = sourcecode.swift; path = TextFieldTableCell.swift; sourceTree = "<group>"; };
		42F39E3A213F615A00B8024E /* TextFieldTableCell.xib */ = {isa = PBXFileReference; lastKnownFileType = file.xib; path = TextFieldTableCell.xib; sourceTree = "<group>"; };
		42F39E3D213F62B700B8024E /* UITableViewCell+Create.swift */ = {isa = PBXFileReference; lastKnownFileType = sourcecode.swift; path = "UITableViewCell+Create.swift"; sourceTree = "<group>"; };
		42F39E40213F674A00B8024E /* ChartView.swift */ = {isa = PBXFileReference; fileEncoding = 4; lastKnownFileType = sourcecode.swift; path = ChartView.swift; sourceTree = "<group>"; };
		42F39E41213F674A00B8024E /* BezierCurveView.swift */ = {isa = PBXFileReference; fileEncoding = 4; lastKnownFileType = sourcecode.swift; path = BezierCurveView.swift; sourceTree = "<group>"; };
		42F39E45213F674A00B8024E /* GridView.swift */ = {isa = PBXFileReference; fileEncoding = 4; lastKnownFileType = sourcecode.swift; path = GridView.swift; sourceTree = "<group>"; };
		42F39E4D213FBA2000B8024E /* Errors.swift */ = {isa = PBXFileReference; lastKnownFileType = sourcecode.swift; path = Errors.swift; sourceTree = "<group>"; };
/* End PBXFileReference section */

/* Begin PBXFrameworksBuildPhase section */
		42541146213A468400925428 /* Frameworks */ = {
			isa = PBXFrameworksBuildPhase;
			buildActionMask = 2147483647;
			files = (
			);
			runOnlyForDeploymentPostprocessing = 0;
		};
/* End PBXFrameworksBuildPhase section */

/* Begin PBXGroup section */
		42541140213A468300925428 = {
			isa = PBXGroup;
			children = (
				4254114B213A468400925428 /* FCCTestApplication */,
				4254114A213A468400925428 /* Products */,
			);
			sourceTree = "<group>";
		};
		4254114A213A468400925428 /* Products */ = {
			isa = PBXGroup;
			children = (
				42541149213A468400925428 /* FCCTestApplication.app */,
			);
			name = Products;
			sourceTree = "<group>";
		};
		4254114B213A468400925428 /* FCCTestApplication */ = {
			isa = PBXGroup;
			children = (
				42F39E21213F2C5500B8024E /* Entities */,
				4254116C213A484F00925428 /* Application */,
				4254116F213A485600925428 /* Assets */,
				42541174213A486000925428 /* Config */,
				42541173213A486000925428 /* Services */,
				42541172213A486000925428 /* Utils */,
				4254117A213A486000925428 /* ViewControllers */,
				42541180213A487A00925428 /* Views */,
			);
			path = FCCTestApplication;
			sourceTree = "<group>";
		};
		4254116C213A484F00925428 /* Application */ = {
			isa = PBXGroup;
			children = (
				4254116D213A484F00925428 /* AppDelegate.swift */,
			);
			path = Application;
			sourceTree = "<group>";
		};
		4254116F213A485600925428 /* Assets */ = {
			isa = PBXGroup;
			children = (
				42F39E25213F38A600B8024E /* fewPoints.json */,
				42F39E26213F38A600B8024E /* genericFailure.json */,
				42F39E24213F38A600B8024E /* wrongAttributes.json */,
				42F39E2E213F5C5600B8024E /* manyPoints.json */,
				42541170213A485600925428 /* Assets.xcassets */,
			);
			path = Assets;
			sourceTree = "<group>";
		};
		42541172213A486000925428 /* Utils */ = {
			isa = PBXGroup;
			children = (
				42F39E4C213FBA1200B8024E /* Errors */,
				42F39E3C213F62A400B8024E /* Extensions */,
				42F39E1D213F218600B8024E /* Constants.swift */,
				42F39E2C213F58EA00B8024E /* TestCase.swift */,
			);
			path = Utils;
			sourceTree = "<group>";
		};
		42541173213A486000925428 /* Services */ = {
			isa = PBXGroup;
			children = (
				42F39E1B213F209700B8024E /* DataPointsService.swift */,
				42F39E1F213F255300B8024E /* DataPointsResponse.swift */,
			);
			path = Services;
			sourceTree = "<group>";
		};
		42541174213A486000925428 /* Config */ = {
			isa = PBXGroup;
			children = (
				42541175213A486000925428 /* LaunchScreen.storyboard */,
				42541179213A486000925428 /* Info.plist */,
			);
			path = Config;
			sourceTree = "<group>";
		};
		4254117A213A486000925428 /* ViewControllers */ = {
			isa = PBXGroup;
			children = (
				4254117B213A486000925428 /* PointsViewController.swift */,
				42F39E2A213F589300B8024E /* MockViewController.swift */,
			);
			path = ViewControllers;
			sourceTree = "<group>";
		};
		42541180213A487A00925428 /* Views */ = {
			isa = PBXGroup;
			children = (
				42F39E3F213F674A00B8024E /* ChartView */,
				42F39E30213F60FF00B8024E /* Cells */,
				42541181213A489E00925428 /* Storyboards */,
			);
			path = Views;
			sourceTree = "<group>";
		};
		42541181213A489E00925428 /* Storyboards */ = {
			isa = PBXGroup;
			children = (
				42541177213A486000925428 /* Main.storyboard */,
			);
			path = Storyboards;
			sourceTree = "<group>";
		};
		42F39E21213F2C5500B8024E /* Entities */ = {
			isa = PBXGroup;
			children = (
				42F39E22213F2C7000B8024E /* Points.swift */,
			);
			path = Entities;
			sourceTree = "<group>";
		};
		42F39E30213F60FF00B8024E /* Cells */ = {
			isa = PBXGroup;
			children = (
				42F39E33213F611A00B8024E /* ButtonTableCell */,
				42F39E32213F611000B8024E /* TextFieldTableCell */,
			);
			path = Cells;
			sourceTree = "<group>";
		};
		42F39E32213F611000B8024E /* TextFieldTableCell */ = {
			isa = PBXGroup;
			children = (
				42F39E38213F615400B8024E /* TextFieldTableCell.swift */,
				42F39E3A213F615A00B8024E /* TextFieldTableCell.xib */,
			);
			path = TextFieldTableCell;
			sourceTree = "<group>";
		};
		42F39E33213F611A00B8024E /* ButtonTableCell */ = {
			isa = PBXGroup;
			children = (
				42F39E34213F614500B8024E /* ButtonTableCell.swift */,
				42F39E36213F614C00B8024E /* ButtonTableCell.xib */,
			);
			path = ButtonTableCell;
			sourceTree = "<group>";
		};
		42F39E3C213F62A400B8024E /* Extensions */ = {
			isa = PBXGroup;
			children = (
				42F39E3D213F62B700B8024E /* UITableViewCell+Create.swift */,
			);
			path = Extensions;
			sourceTree = "<group>";
		};
		42F39E3F213F674A00B8024E /* ChartView */ = {
			isa = PBXGroup;
			children = (
				42F39E40213F674A00B8024E /* ChartView.swift */,
				42F39E41213F674A00B8024E /* BezierCurveView.swift */,
				42F39E45213F674A00B8024E /* GridView.swift */,
			);
			path = ChartView;
			sourceTree = "<group>";
		};
		42F39E4C213FBA1200B8024E /* Errors */ = {
			isa = PBXGroup;
			children = (
				42F39E4D213FBA2000B8024E /* Errors.swift */,
			);
			path = Errors;
			sourceTree = "<group>";
		};
/* End PBXGroup section */

/* Begin PBXNativeTarget section */
		42541148213A468400925428 /* FCCTestApplication */ = {
			isa = PBXNativeTarget;
			buildConfigurationList = 42541166213A468500925428 /* Build configuration list for PBXNativeTarget "FCCTestApplication" */;
			buildPhases = (
				42541145213A468400925428 /* Sources */,
				42541146213A468400925428 /* Frameworks */,
				42541147213A468400925428 /* Resources */,
			);
			buildRules = (
			);
			dependencies = (
			);
			name = FCCTestApplication;
			productName = FCCTestApplication;
			productReference = 42541149213A468400925428 /* FCCTestApplication.app */;
			productType = "com.apple.product-type.application";
		};
/* End PBXNativeTarget section */

/* Begin PBXProject section */
		42541141213A468300925428 /* Project object */ = {
			isa = PBXProject;
			attributes = {
				LastSwiftUpdateCheck = 0940;
				LastUpgradeCheck = 0940;
				ORGANIZATIONNAME = "Mikhail Kirillov";
				TargetAttributes = {
					42541148213A468400925428 = {
						CreatedOnToolsVersion = 9.4.1;
					};
				};
			};
			buildConfigurationList = 42541144213A468400925428 /* Build configuration list for PBXProject "FCCTestApplication" */;
			compatibilityVersion = "Xcode 9.3";
			developmentRegion = en;
			hasScannedForEncodings = 0;
			knownRegions = (
				en,
				Base,
			);
			mainGroup = 42541140213A468300925428;
			productRefGroup = 4254114A213A468400925428 /* Products */;
			projectDirPath = "";
			projectRoot = "";
			targets = (
				42541148213A468400925428 /* FCCTestApplication */,
			);
		};
/* End PBXProject section */

/* Begin PBXResourcesBuildPhase section */
		42541147213A468400925428 /* Resources */ = {
			isa = PBXResourcesBuildPhase;
			buildActionMask = 2147483647;
			files = (
				42F39E37213F614C00B8024E /* ButtonTableCell.xib in Resources */,
				42F39E29213F38A600B8024E /* genericFailure.json in Resources */,
				42F39E2F213F5C5600B8024E /* manyPoints.json in Resources */,
				4254117E213A486000925428 /* Info.plist in Resources */,
				4254117D213A486000925428 /* Main.storyboard in Resources */,
				42541171213A485700925428 /* Assets.xcassets in Resources */,
				42F39E28213F38A600B8024E /* fewPoints.json in Resources */,
				4254117C213A486000925428 /* LaunchScreen.storyboard in Resources */,
				42F39E3B213F615A00B8024E /* TextFieldTableCell.xib in Resources */,
				42F39E27213F38A600B8024E /* wrongAttributes.json in Resources */,
			);
			runOnlyForDeploymentPostprocessing = 0;
		};
/* End PBXResourcesBuildPhase section */

/* Begin PBXSourcesBuildPhase section */
		42541145213A468400925428 /* Sources */ = {
			isa = PBXSourcesBuildPhase;
			buildActionMask = 2147483647;
			files = (
				42F39E39213F615400B8024E /* TextFieldTableCell.swift in Sources */,
				42F39E4E213FBA2000B8024E /* Errors.swift in Sources */,
				4254117F213A486000925428 /* PointsViewController.swift in Sources */,
				4254116E213A484F00925428 /* AppDelegate.swift in Sources */,
				42F39E35213F614500B8024E /* ButtonTableCell.swift in Sources */,
				42F39E3E213F62B700B8024E /* UITableViewCell+Create.swift in Sources */,
				42F39E1C213F209700B8024E /* DataPointsService.swift in Sources */,
				42F39E47213F674A00B8024E /* BezierCurveView.swift in Sources */,
				42F39E2B213F589300B8024E /* MockViewController.swift in Sources */,
				42F39E4B213F674A00B8024E /* GridView.swift in Sources */,
				42F39E1E213F218600B8024E /* Constants.swift in Sources */,
				42F39E2D213F58EA00B8024E /* TestCase.swift in Sources */,
				42F39E23213F2C7000B8024E /* Points.swift in Sources */,
				42F39E20213F255300B8024E /* DataPointsResponse.swift in Sources */,
				42F39E46213F674A00B8024E /* ChartView.swift in Sources */,
			);
			runOnlyForDeploymentPostprocessing = 0;
		};
/* End PBXSourcesBuildPhase section */

/* Begin PBXVariantGroup section */
		42541175213A486000925428 /* LaunchScreen.storyboard */ = {
			isa = PBXVariantGroup;
			children = (
				42541176213A486000925428 /* Base */,
			);
			name = LaunchScreen.storyboard;
			sourceTree = "<group>";
		};
		42541177213A486000925428 /* Main.storyboard */ = {
			isa = PBXVariantGroup;
			children = (
				42541178213A486000925428 /* Base */,
			);
			name = Main.storyboard;
			sourceTree = "<group>";
		};
/* End PBXVariantGroup section */

/* Begin XCBuildConfiguration section */
		42541164213A468500925428 /* Debug */ = {
			isa = XCBuildConfiguration;
			buildSettings = {
				ALWAYS_SEARCH_USER_PATHS = NO;
				CLANG_ANALYZER_NONNULL = YES;
				CLANG_ANALYZER_NUMBER_OBJECT_CONVERSION = YES_AGGRESSIVE;
				CLANG_CXX_LANGUAGE_STANDARD = "gnu++14";
				CLANG_CXX_LIBRARY = "libc++";
				CLANG_ENABLE_MODULES = YES;
				CLANG_ENABLE_OBJC_ARC = YES;
				CLANG_ENABLE_OBJC_WEAK = YES;
				CLANG_WARN_BLOCK_CAPTURE_AUTORELEASING = YES;
				CLANG_WARN_BOOL_CONVERSION = YES;
				CLANG_WARN_COMMA = YES;
				CLANG_WARN_CONSTANT_CONVERSION = YES;
				CLANG_WARN_DEPRECATED_OBJC_IMPLEMENTATIONS = YES;
				CLANG_WARN_DIRECT_OBJC_ISA_USAGE = YES_ERROR;
				CLANG_WARN_DOCUMENTATION_COMMENTS = YES;
				CLANG_WARN_EMPTY_BODY = YES;
				CLANG_WARN_ENUM_CONVERSION = YES;
				CLANG_WARN_INFINITE_RECURSION = YES;
				CLANG_WARN_INT_CONVERSION = YES;
				CLANG_WARN_NON_LITERAL_NULL_CONVERSION = YES;
				CLANG_WARN_OBJC_IMPLICIT_RETAIN_SELF = YES;
				CLANG_WARN_OBJC_LITERAL_CONVERSION = YES;
				CLANG_WARN_OBJC_ROOT_CLASS = YES_ERROR;
				CLANG_WARN_RANGE_LOOP_ANALYSIS = YES;
				CLANG_WARN_STRICT_PROTOTYPES = YES;
				CLANG_WARN_SUSPICIOUS_MOVE = YES;
				CLANG_WARN_UNGUARDED_AVAILABILITY = YES_AGGRESSIVE;
				CLANG_WARN_UNREACHABLE_CODE = YES;
				CLANG_WARN__DUPLICATE_METHOD_MATCH = YES;
				CODE_SIGN_IDENTITY = "iPhone Developer";
				COPY_PHASE_STRIP = NO;
				DEBUG_INFORMATION_FORMAT = dwarf;
				ENABLE_STRICT_OBJC_MSGSEND = YES;
				ENABLE_TESTABILITY = YES;
				GCC_C_LANGUAGE_STANDARD = gnu11;
				GCC_DYNAMIC_NO_PIC = NO;
				GCC_NO_COMMON_BLOCKS = YES;
				GCC_OPTIMIZATION_LEVEL = 0;
				GCC_PREPROCESSOR_DEFINITIONS = (
					"DEBUG=1",
					"$(inherited)",
				);
				GCC_WARN_64_TO_32_BIT_CONVERSION = YES;
				GCC_WARN_ABOUT_RETURN_TYPE = YES_ERROR;
				GCC_WARN_UNDECLARED_SELECTOR = YES;
				GCC_WARN_UNINITIALIZED_AUTOS = YES_AGGRESSIVE;
				GCC_WARN_UNUSED_FUNCTION = YES;
				GCC_WARN_UNUSED_VARIABLE = YES;
				IPHONEOS_DEPLOYMENT_TARGET = 11.4;
				MTL_ENABLE_DEBUG_INFO = YES;
				ONLY_ACTIVE_ARCH = YES;
				SDKROOT = iphoneos;
				SWIFT_ACTIVE_COMPILATION_CONDITIONS = DEBUG;
				SWIFT_OPTIMIZATION_LEVEL = "-Onone";
			};
			name = Debug;
		};
		42541165213A468500925428 /* Release */ = {
			isa = XCBuildConfiguration;
			buildSettings = {
				ALWAYS_SEARCH_USER_PATHS = NO;
				CLANG_ANALYZER_NONNULL = YES;
				CLANG_ANALYZER_NUMBER_OBJECT_CONVERSION = YES_AGGRESSIVE;
				CLANG_CXX_LANGUAGE_STANDARD = "gnu++14";
				CLANG_CXX_LIBRARY = "libc++";
				CLANG_ENABLE_MODULES = YES;
				CLANG_ENABLE_OBJC_ARC = YES;
				CLANG_ENABLE_OBJC_WEAK = YES;
				CLANG_WARN_BLOCK_CAPTURE_AUTORELEASING = YES;
				CLANG_WARN_BOOL_CONVERSION = YES;
				CLANG_WARN_COMMA = YES;
				CLANG_WARN_CONSTANT_CONVERSION = YES;
				CLANG_WARN_DEPRECATED_OBJC_IMPLEMENTATIONS = YES;
				CLANG_WARN_DIRECT_OBJC_ISA_USAGE = YES_ERROR;
				CLANG_WARN_DOCUMENTATION_COMMENTS = YES;
				CLANG_WARN_EMPTY_BODY = YES;
				CLANG_WARN_ENUM_CONVERSION = YES;
				CLANG_WARN_INFINITE_RECURSION = YES;
				CLANG_WARN_INT_CONVERSION = YES;
				CLANG_WARN_NON_LITERAL_NULL_CONVERSION = YES;
				CLANG_WARN_OBJC_IMPLICIT_RETAIN_SELF = YES;
				CLANG_WARN_OBJC_LITERAL_CONVERSION = YES;
				CLANG_WARN_OBJC_ROOT_CLASS = YES_ERROR;
				CLANG_WARN_RANGE_LOOP_ANALYSIS = YES;
				CLANG_WARN_STRICT_PROTOTYPES = YES;
				CLANG_WARN_SUSPICIOUS_MOVE = YES;
				CLANG_WARN_UNGUARDED_AVAILABILITY = YES_AGGRESSIVE;
				CLANG_WARN_UNREACHABLE_CODE = YES;
				CLANG_WARN__DUPLICATE_METHOD_MATCH = YES;
				CODE_SIGN_IDENTITY = "iPhone Developer";
				COPY_PHASE_STRIP = NO;
				DEBUG_INFORMATION_FORMAT = "dwarf-with-dsym";
				ENABLE_NS_ASSERTIONS = NO;
				ENABLE_STRICT_OBJC_MSGSEND = YES;
				GCC_C_LANGUAGE_STANDARD = gnu11;
				GCC_NO_COMMON_BLOCKS = YES;
				GCC_WARN_64_TO_32_BIT_CONVERSION = YES;
				GCC_WARN_ABOUT_RETURN_TYPE = YES_ERROR;
				GCC_WARN_UNDECLARED_SELECTOR = YES;
				GCC_WARN_UNINITIALIZED_AUTOS = YES_AGGRESSIVE;
				GCC_WARN_UNUSED_FUNCTION = YES;
				GCC_WARN_UNUSED_VARIABLE = YES;
				IPHONEOS_DEPLOYMENT_TARGET = 11.4;
				MTL_ENABLE_DEBUG_INFO = NO;
				SDKROOT = iphoneos;
				SWIFT_COMPILATION_MODE = wholemodule;
				SWIFT_OPTIMIZATION_LEVEL = "-O";
				VALIDATE_PRODUCT = YES;
			};
			name = Release;
		};
		42541167213A468500925428 /* Debug */ = {
			isa = XCBuildConfiguration;
			buildSettings = {
				ASSETCATALOG_COMPILER_APPICON_NAME = AppIcon;
				CODE_SIGN_STYLE = Automatic;
				DEVELOPMENT_TEAM = FQWPDVX8KC;
				INFOPLIST_FILE = "$(SRCROOT)/FCCTestApplication/Config/Info.plist";
				LD_RUNPATH_SEARCH_PATHS = (
					"$(inherited)",
					"@executable_path/Frameworks",
				);
				PRODUCT_BUNDLE_IDENTIFIER = com.testAppsINK.FCCTestApplication;
				PRODUCT_NAME = "$(TARGET_NAME)";
				SWIFT_VERSION = 4.0;
				TARGETED_DEVICE_FAMILY = "1,2";
			};
			name = Debug;
		};
		42541168213A468500925428 /* Release */ = {
			isa = XCBuildConfiguration;
			buildSettings = {
				ASSETCATALOG_COMPILER_APPICON_NAME = AppIcon;
				CODE_SIGN_STYLE = Automatic;
				DEVELOPMENT_TEAM = FQWPDVX8KC;
				INFOPLIST_FILE = "$(SRCROOT)/FCCTestApplication/Config/Info.plist";
				LD_RUNPATH_SEARCH_PATHS = (
					"$(inherited)",
					"@executable_path/Frameworks",
				);
				PRODUCT_BUNDLE_IDENTIFIER = com.testAppsINK.FCCTestApplication;
				PRODUCT_NAME = "$(TARGET_NAME)";
				SWIFT_VERSION = 4.0;
				TARGETED_DEVICE_FAMILY = "1,2";
			};
			name = Release;
		};
/* End XCBuildConfiguration section */

/* Begin XCConfigurationList section */
		42541144213A468400925428 /* Build configuration list for PBXProject "FCCTestApplication" */ = {
			isa = XCConfigurationList;
			buildConfigurations = (
				42541164213A468500925428 /* Debug */,
				42541165213A468500925428 /* Release */,
			);
			defaultConfigurationIsVisible = 0;
			defaultConfigurationName = Release;
		};
		42541166213A468500925428 /* Build configuration list for PBXNativeTarget "FCCTestApplication" */ = {
			isa = XCConfigurationList;
			buildConfigurations = (
				42541167213A468500925428 /* Debug */,
				42541168213A468500925428 /* Release */,
			);
			defaultConfigurationIsVisible = 0;
			defaultConfigurationName = Release;
		};
/* End XCConfigurationList section */
	};
	rootObject = 42541141213A468300925428 /* Project object */;
}
